
Microsoft Visual Studio Solution File, Format Version 12.00
# Visual Studio 15
VisualStudioVersion = 15.0.27703.2026
MinimumVisualStudioVersion = 10.0.40219.1
Project("{FAE04EC0-301F-11D3-BF4B-00C04F79EFBC}") = "ProductsCatalog", "ProductsCatalog\ProductsCatalog.csproj", "{153828C2-7D31-48AF-825C-A13AEEC44B58}"
EndProject
Global
	GlobalSection(SolutionConfigurationPlatforms) = preSolution
		Debug|Any CPU = Debug|Any CPU
		Release|Any CPU = Release|Any CPU
	EndGlobalSection
	GlobalSection(ProjectConfigurationPlatforms) = postSolution
		{153828C2-7D31-48AF-825C-A13AEEC44B58}.Debug|Any CPU.ActiveCfg = Debug|Any CPU
		{153828C2-7D31-48AF-825C-A13AEEC44B58}.Debug|Any CPU.Build.0 = Debug|Any CPU
		{153828C2-7D31-48AF-825C-A13AEEC44B58}.Release|Any CPU.ActiveCfg = Release|Any CPU
		{153828C2-7D31-48AF-825C-A13AEEC44B58}.Release|Any CPU.Build.0 = Release|Any CPU
	EndGlobalSection
	GlobalSection(SolutionProperties) = preSolution
		HideSolutionNode = FALSE
	EndGlobalSection
	GlobalSection(ExtensibilityGlobals) = postSolution
		SolutionGuid = {632BE8B9-9E46-419A-876A-0C4128FA5405}
	EndGlobalSection
EndGlobal
